
Microsoft Visual Studio Solution File, Format Version 12.00
# Visual Studio Version 16
VisualStudioVersion = 16.0.30413.136
MinimumVisualStudioVersion = 10.0.40219.1
Project("{FAE04EC0-301F-11D3-BF4B-00C04F79EFBC}") = "1.Factory", "FactoryPattern\1.Factory.csproj", "{1E9E4AD3-9344-4ADF-A743-1C6870AFD3F7}"
EndProject
Project("{FAE04EC0-301F-11D3-BF4B-00C04F79EFBC}") = "2.AbstractFactory", "AbstractFactory\2.AbstractFactory.csproj", "{F489AB0D-BDAF-4DCB-A80D-97B06070BB0D}"
EndProject
Global
	GlobalSection(SolutionConfigurationPlatforms) = preSolution
		Debug|Any CPU = Debug|Any CPU
		Release|Any CPU = Release|Any CPU
	EndGlobalSection
	GlobalSection(ProjectConfigurationPlatforms) = postSolution
		{1E9E4AD3-9344-4ADF-A743-1C6870AFD3F7}.Debug|Any CPU.ActiveCfg = Debug|Any CPU
		{1E9E4AD3-9344-4ADF-A743-1C6870AFD3F7}.Debug|Any CPU.Build.0 = Debug|Any CPU
		{1E9E4AD3-9344-4ADF-A743-1C6870AFD3F7}.Release|Any CPU.ActiveCfg = Release|Any CPU
		{1E9E4AD3-9344-4ADF-A743-1C6870AFD3F7}.Release|Any CPU.Build.0 = Release|Any CPU
		{F489AB0D-BDAF-4DCB-A80D-97B06070BB0D}.Debug|Any CPU.ActiveCfg = Debug|Any CPU
		{F489AB0D-BDAF-4DCB-A80D-97B06070BB0D}.Debug|Any CPU.Build.0 = Debug|Any CPU
		{F489AB0D-BDAF-4DCB-A80D-97B06070BB0D}.Release|Any CPU.ActiveCfg = Release|Any CPU
		{F489AB0D-BDAF-4DCB-A80D-97B06070BB0D}.Release|Any CPU.Build.0 = Release|Any CPU
	EndGlobalSection
	GlobalSection(SolutionProperties) = preSolution
		HideSolutionNode = FALSE
	EndGlobalSection
	GlobalSection(ExtensibilityGlobals) = postSolution
		SolutionGuid = {FED3B100-BC62-43C4-9FAB-3173760B54AA}
	EndGlobalSection
EndGlobal
